
Microsoft Visual Studio Solution File, Format Version 12.00
# Visual Studio 15
VisualStudioVersion = 15.0.27703.2042
MinimumVisualStudioVersion = 10.0.40219.1
Project("{FAE04EC0-301F-11D3-BF4B-00C04F79EFBC}") = "ProyectoFinal.PrograAvanzada.Vite", "ProyectoFinal.PrograAvanzada.Vite\ProyectoFinal.PrograAvanzada.Vite.csproj", "{BB335892-0CD2-46B3-BBA5-E12AFBE34A2D}"
EndProject
Project("{FAE04EC0-301F-11D3-BF4B-00C04F79EFBC}") = "ProyectoFinal.PrograAvanzada.Vite.Model", "ProyectoFinal.PrograAvanzada.Vite.Model\ProyectoFinal.PrograAvanzada.Vite.Model.csproj", "{D99695AB-6B26-49E5-9447-52939036E67A}"
EndProject
Project("{FAE04EC0-301F-11D3-BF4B-00C04F79EFBC}") = "ProyectoFinal.PrograAvanzada.Vite.Wcf", "ProyectoFinal.PrograAvanzada.Vite.Wcf\ProyectoFinal.PrograAvanzada.Vite.Wcf.csproj", "{104CCD27-4AF7-46A1-9EEE-517F8E9347B6}"
EndProject
Global
	GlobalSection(SolutionConfigurationPlatforms) = preSolution
		Debug|Any CPU = Debug|Any CPU
		Release|Any CPU = Release|Any CPU
	EndGlobalSection
	GlobalSection(ProjectConfigurationPlatforms) = postSolution
		{BB335892-0CD2-46B3-BBA5-E12AFBE34A2D}.Debug|Any CPU.ActiveCfg = Debug|Any CPU
		{BB335892-0CD2-46B3-BBA5-E12AFBE34A2D}.Debug|Any CPU.Build.0 = Debug|Any CPU
		{BB335892-0CD2-46B3-BBA5-E12AFBE34A2D}.Release|Any CPU.ActiveCfg = Release|Any CPU
		{BB335892-0CD2-46B3-BBA5-E12AFBE34A2D}.Release|Any CPU.Build.0 = Release|Any CPU
		{D99695AB-6B26-49E5-9447-52939036E67A}.Debug|Any CPU.ActiveCfg = Debug|Any CPU
		{D99695AB-6B26-49E5-9447-52939036E67A}.Debug|Any CPU.Build.0 = Debug|Any CPU
		{D99695AB-6B26-49E5-9447-52939036E67A}.Release|Any CPU.ActiveCfg = Release|Any CPU
		{D99695AB-6B26-49E5-9447-52939036E67A}.Release|Any CPU.Build.0 = Release|Any CPU
		{104CCD27-4AF7-46A1-9EEE-517F8E9347B6}.Debug|Any CPU.ActiveCfg = Debug|Any CPU
		{104CCD27-4AF7-46A1-9EEE-517F8E9347B6}.Debug|Any CPU.Build.0 = Debug|Any CPU
		{104CCD27-4AF7-46A1-9EEE-517F8E9347B6}.Release|Any CPU.ActiveCfg = Release|Any CPU
		{104CCD27-4AF7-46A1-9EEE-517F8E9347B6}.Release|Any CPU.Build.0 = Release|Any CPU
	EndGlobalSection
	GlobalSection(SolutionProperties) = preSolution
		HideSolutionNode = FALSE
	EndGlobalSection
	GlobalSection(ExtensibilityGlobals) = postSolution
		SolutionGuid = {CC8BAD1C-2F66-407C-B256-B4513BA8AA45}
	EndGlobalSection
EndGlobal
